
Microsoft Visual Studio Solution File, Format Version 12.00
# Visual Studio Version 17
VisualStudioVersion = 17.11.35111.106
MinimumVisualStudioVersion = 10.0.40219.1
Project("{FAE04EC0-301F-11D3-BF4B-00C04F79EFBC}") = "UrlRouting_Asp.netCore9", "UrlRouting_Asp.netCore9\UrlRouting_Asp.netCore9.csproj", "{12C71A14-2C64-4416-B303-4804B909D83B}"
EndProject
Global
	GlobalSection(SolutionConfigurationPlatforms) = preSolution
		Debug|Any CPU = Debug|Any CPU
		Release|Any CPU = Release|Any CPU
	EndGlobalSection
	GlobalSection(ProjectConfigurationPlatforms) = postSolution
		{12C71A14-2C64-4416-B303-4804B909D83B}.Debug|Any CPU.ActiveCfg = Debug|Any CPU
		{12C71A14-2C64-4416-B303-4804B909D83B}.Debug|Any CPU.Build.0 = Debug|Any CPU
		{12C71A14-2C64-4416-B303-4804B909D83B}.Release|Any CPU.ActiveCfg = Release|Any CPU
		{12C71A14-2C64-4416-B303-4804B909D83B}.Release|Any CPU.Build.0 = Release|Any CPU
	EndGlobalSection
	GlobalSection(SolutionProperties) = preSolution
		HideSolutionNode = FALSE
	EndGlobalSection
	GlobalSection(ExtensibilityGlobals) = postSolution
		SolutionGuid = {3452C9ED-4233-40DF-8BF5-9B2178C8CBB7}
	EndGlobalSection
EndGlobal
